[{<<"backoff">>,
  {git,"https://github.com/ferd/backoff.git",
       {ref,"dfb19a20c37b73af067edc3c335624bdf9517396"}},
  0},
 {<<"core">>,
  {git,"https://github.com/exograd/erl-core.git",
       {ref,"036df26f7b869cf2c1fd66c559a748657f3f2da3"}},
  0},
 {<<"et">>,
  {git,"https://github.com/galdor/erl-et.git",
       {ref,"7b55d59e3ef75bbd6ea4126d3855046e639709a6"}},
  2},
 {<<"ksuid">>,
  {git,"https://github.com/exograd/erl-ksuid.git",
       {ref,"d3a33ff9b459ba8eea5584bffaff66ccbdfe10c4"}},
  1},
 {<<"mhttp">>,
  {git,"https://github.com/galdor/erl-mhttp.git",
       {ref,"3073b6f2672005a27fc181934bfc84aaeb5fc55b"}},
  0},
 {<<"netrc">>,
  {git,"https://github.com/exograd/erl-netrc.git",
       {ref,"202649936a2de308e825cf72b0a57aef522565e6"}},
  1},
 {<<"uri">>,
  {git,"https://github.com/galdor/erl-uri.git",
       {ref,"86bb01d06a7fc6c7f17e74cd7e7fb275b2ad15bc"}},
  1}].
