[{<<"backoff">>,
  {git,"https://github.com/ferd/backoff.git",
       {ref,"dfb19a20c37b73af067edc3c335624bdf9517396"}},
  0},
 {<<"et">>,
  {git,"https://github.com/galdor/erl-et.git",
       {ref,"38ccbe694fe39eb7c284f6e850eca0d625b7e41a"}},
  0},
 {<<"mhttp">>,
  {git,"https://github.com/galdor/erl-mhttp.git",
       {ref,"d42ec64c851f06417abbb9c8fa561891ab3cf9bb"}},
  0},
 {<<"uri">>,
  {git,"https://github.com/galdor/erl-uri.git",
       {ref,"0fb5142f8df2193bc472849d7fed1a4858416b37"}},
  1}].
